{
  "name": "test-npm-publish",
  "version": "1.0.0",
  "lockfileVersion": 1,
  "requires": true,
  "dependencies": {
    "ura-npm-publish": {
      "version": "1.0.0",
      "resolved": "https://registry.npmjs.org/ura-npm-publish/-/ura-npm-publish-1.0.0.tgz",
      "integrity": "sha512-JDpR2cgaCJMQ52v5fccOC7dG+rUGmntIvUkCIwEs5mrWy9mk8maCDBsVrRtbWTTPt3GHh/PL+GXvgdkalQsp1w=="
    }
  }
}
